
Microsoft Visual Studio Solution File, Format Version 12.00
# Visual Studio Version 17
VisualStudioVersion = 17.10.35013.160
MinimumVisualStudioVersion = 10.0.40219.1
Project("{FAE04EC0-301F-11D3-BF4B-00C04F79EFBC}") = "sunshineDentalAAF", "sunshineDentalAAF\sunshineDentalAAF.csproj", "{7AE542B1-91D6-4EDE-A26F-F5970639B68C}"
EndProject
Global
	GlobalSection(SolutionConfigurationPlatforms) = preSolution
		Debug|Any CPU = Debug|Any CPU
		Release|Any CPU = Release|Any CPU
	EndGlobalSection
	GlobalSection(ProjectConfigurationPlatforms) = postSolution
		{7AE542B1-91D6-4EDE-A26F-F5970639B68C}.Debug|Any CPU.ActiveCfg = Debug|Any CPU
		{7AE542B1-91D6-4EDE-A26F-F5970639B68C}.Debug|Any CPU.Build.0 = Debug|Any CPU
		{7AE542B1-91D6-4EDE-A26F-F5970639B68C}.Release|Any CPU.ActiveCfg = Release|Any CPU
		{7AE542B1-91D6-4EDE-A26F-F5970639B68C}.Release|Any CPU.Build.0 = Release|Any CPU
	EndGlobalSection
	GlobalSection(SolutionProperties) = preSolution
		HideSolutionNode = FALSE
	EndGlobalSection
	GlobalSection(ExtensibilityGlobals) = postSolution
		SolutionGuid = {3A3ED94B-BBA1-4B57-B6FF-CC55E51523F4}
	EndGlobalSection
EndGlobal
